
Microsoft Visual Studio Solution File, Format Version 12.00
# Visual Studio Version 16
VisualStudioVersion = 16.0.30225.117
MinimumVisualStudioVersion = 10.0.40219.1
Project("{FAE04EC0-301F-11D3-BF4B-00C04F79EFBC}") = "SynNetTest", "SynNetTest\SynNetTest.csproj", "{5E16FB7E-536C-4D50-AD5F-AE6E38AA1BFC}"
EndProject
Global
	GlobalSection(SolutionConfigurationPlatforms) = preSolution
		Debug|Any CPU = Debug|Any CPU
		Release|Any CPU = Release|Any CPU
	EndGlobalSection
	GlobalSection(ProjectConfigurationPlatforms) = postSolution
		{5E16FB7E-536C-4D50-AD5F-AE6E38AA1BFC}.Debug|Any CPU.ActiveCfg = Debug|Any CPU
		{5E16FB7E-536C-4D50-AD5F-AE6E38AA1BFC}.Debug|Any CPU.Build.0 = Debug|Any CPU
		{5E16FB7E-536C-4D50-AD5F-AE6E38AA1BFC}.Release|Any CPU.ActiveCfg = Release|Any CPU
		{5E16FB7E-536C-4D50-AD5F-AE6E38AA1BFC}.Release|Any CPU.Build.0 = Release|Any CPU
	EndGlobalSection
	GlobalSection(SolutionProperties) = preSolution
		HideSolutionNode = FALSE
	EndGlobalSection
	GlobalSection(ExtensibilityGlobals) = postSolution
		SolutionGuid = {168424AA-0217-4E44-B9DB-23D829BD9699}
	EndGlobalSection
EndGlobal
